
Microsoft Visual Studio Solution File, Format Version 12.00
# Visual Studio Version 16
VisualStudioVersion = 16.0.31025.194
MinimumVisualStudioVersion = 10.0.40219.1
Project("{FAE04EC0-301F-11D3-BF4B-00C04F79EFBC}") = "ChartTester", "ChartTester\ChartTester.csproj", "{C3A7971D-55D6-4787-9808-8BF43A901CB5}"
EndProject
Global
	GlobalSection(SolutionConfigurationPlatforms) = preSolution
		Debug|Any CPU = Debug|Any CPU
		Release|Any CPU = Release|Any CPU
	EndGlobalSection
	GlobalSection(ProjectConfigurationPlatforms) = postSolution
		{C3A7971D-55D6-4787-9808-8BF43A901CB5}.Debug|Any CPU.ActiveCfg = Debug|Any CPU
		{C3A7971D-55D6-4787-9808-8BF43A901CB5}.Debug|Any CPU.Build.0 = Debug|Any CPU
		{C3A7971D-55D6-4787-9808-8BF43A901CB5}.Release|Any CPU.ActiveCfg = Release|Any CPU
		{C3A7971D-55D6-4787-9808-8BF43A901CB5}.Release|Any CPU.Build.0 = Release|Any CPU
	EndGlobalSection
	GlobalSection(SolutionProperties) = preSolution
		HideSolutionNode = FALSE
	EndGlobalSection
	GlobalSection(ExtensibilityGlobals) = postSolution
		SolutionGuid = {90D276B6-0176-4E1B-8FC6-84997AFEE235}
	EndGlobalSection
EndGlobal
