
Microsoft Visual Studio Solution File, Format Version 12.00
# Visual Studio Version 16
VisualStudioVersion = 16.0.31025.194
MinimumVisualStudioVersion = 10.0.40219.1
Project("{9A19103F-16F7-4668-BE54-9A1E7A4F7556}") = "ChartTester", "ChartTester\ChartTester.csproj", "{C3A7971D-55D6-4787-9808-8BF43A901CB5}"
EndProject
Project("{9A19103F-16F7-4668-BE54-9A1E7A4F7556}") = "InteractiveCharts", "InteractiveCharts\InteractiveCharts.csproj", "{B925303E-ACAA-427C-84B2-22C96C25D05B}"
EndProject
Project("{9A19103F-16F7-4668-BE54-9A1E7A4F7556}") = "ChartDev", "ChartDev\ChartDev.csproj", "{C7477AD7-B4C0-417E-AFCA-07664AF184E5}"
EndProject
Global
	GlobalSection(SolutionConfigurationPlatforms) = preSolution
		Debug|Any CPU = Debug|Any CPU
		Debug|x64 = Debug|x64
		Debug|x86 = Debug|x86
		Release|Any CPU = Release|Any CPU
		Release|x64 = Release|x64
		Release|x86 = Release|x86
	EndGlobalSection
	GlobalSection(ProjectConfigurationPlatforms) = postSolution
		{C3A7971D-55D6-4787-9808-8BF43A901CB5}.Debug|Any CPU.ActiveCfg = Debug|Any CPU
		{C3A7971D-55D6-4787-9808-8BF43A901CB5}.Debug|Any CPU.Build.0 = Debug|Any CPU
		{C3A7971D-55D6-4787-9808-8BF43A901CB5}.Debug|x64.ActiveCfg = Debug|x64
		{C3A7971D-55D6-4787-9808-8BF43A901CB5}.Debug|x64.Build.0 = Debug|x64
		{C3A7971D-55D6-4787-9808-8BF43A901CB5}.Debug|x86.ActiveCfg = Debug|Any CPU
		{C3A7971D-55D6-4787-9808-8BF43A901CB5}.Debug|x86.Build.0 = Debug|Any CPU
		{C3A7971D-55D6-4787-9808-8BF43A901CB5}.Release|Any CPU.ActiveCfg = Release|Any CPU
		{C3A7971D-55D6-4787-9808-8BF43A901CB5}.Release|Any CPU.Build.0 = Release|Any CPU
		{C3A7971D-55D6-4787-9808-8BF43A901CB5}.Release|x64.ActiveCfg = Release|x64
		{C3A7971D-55D6-4787-9808-8BF43A901CB5}.Release|x64.Build.0 = Release|x64
		{C3A7971D-55D6-4787-9808-8BF43A901CB5}.Release|x86.ActiveCfg = Release|Any CPU
		{C3A7971D-55D6-4787-9808-8BF43A901CB5}.Release|x86.Build.0 = Release|Any CPU
		{B925303E-ACAA-427C-84B2-22C96C25D05B}.Debug|Any CPU.ActiveCfg = Debug|Any CPU
		{B925303E-ACAA-427C-84B2-22C96C25D05B}.Debug|Any CPU.Build.0 = Debug|Any CPU
		{B925303E-ACAA-427C-84B2-22C96C25D05B}.Debug|x64.ActiveCfg = Debug|x64
		{B925303E-ACAA-427C-84B2-22C96C25D05B}.Debug|x64.Build.0 = Debug|x64
		{B925303E-ACAA-427C-84B2-22C96C25D05B}.Debug|x86.ActiveCfg = Debug|Any CPU
		{B925303E-ACAA-427C-84B2-22C96C25D05B}.Debug|x86.Build.0 = Debug|Any CPU
		{B925303E-ACAA-427C-84B2-22C96C25D05B}.Release|Any CPU.ActiveCfg = Release|Any CPU
		{B925303E-ACAA-427C-84B2-22C96C25D05B}.Release|Any CPU.Build.0 = Release|Any CPU
		{B925303E-ACAA-427C-84B2-22C96C25D05B}.Release|x64.ActiveCfg = Release|x64
		{B925303E-ACAA-427C-84B2-22C96C25D05B}.Release|x64.Build.0 = Release|x64
		{B925303E-ACAA-427C-84B2-22C96C25D05B}.Release|x86.ActiveCfg = Release|Any CPU
		{B925303E-ACAA-427C-84B2-22C96C25D05B}.Release|x86.Build.0 = Release|Any CPU
		{C7477AD7-B4C0-417E-AFCA-07664AF184E5}.Debug|Any CPU.ActiveCfg = Debug|Any CPU
		{C7477AD7-B4C0-417E-AFCA-07664AF184E5}.Debug|Any CPU.Build.0 = Debug|Any CPU
		{C7477AD7-B4C0-417E-AFCA-07664AF184E5}.Debug|x64.ActiveCfg = Debug|x64
		{C7477AD7-B4C0-417E-AFCA-07664AF184E5}.Debug|x64.Build.0 = Debug|x64
		{C7477AD7-B4C0-417E-AFCA-07664AF184E5}.Debug|x86.ActiveCfg = Debug|x86
		{C7477AD7-B4C0-417E-AFCA-07664AF184E5}.Debug|x86.Build.0 = Debug|x86
		{C7477AD7-B4C0-417E-AFCA-07664AF184E5}.Release|Any CPU.ActiveCfg = Release|Any CPU
		{C7477AD7-B4C0-417E-AFCA-07664AF184E5}.Release|Any CPU.Build.0 = Release|Any CPU
		{C7477AD7-B4C0-417E-AFCA-07664AF184E5}.Release|x64.ActiveCfg = Release|x64
		{C7477AD7-B4C0-417E-AFCA-07664AF184E5}.Release|x64.Build.0 = Release|x64
		{C7477AD7-B4C0-417E-AFCA-07664AF184E5}.Release|x86.ActiveCfg = Release|x86
		{C7477AD7-B4C0-417E-AFCA-07664AF184E5}.Release|x86.Build.0 = Release|x86
	EndGlobalSection
	GlobalSection(SolutionProperties) = preSolution
		HideSolutionNode = FALSE
	EndGlobalSection
	GlobalSection(ExtensibilityGlobals) = postSolution
		SolutionGuid = {90D276B6-0176-4E1B-8FC6-84997AFEE235}
	EndGlobalSection
EndGlobal
